// !$*UTF8*$!
{
	archiveVersion = 1;
	classes = {
	};
	objectVersion = 50;
	objects = {

/* Begin PBXBuildFile section */
		091210C820FD228C004E8894 /* FilmTableVC.swift in Sources */ = {isa = PBXBuildFile; fileRef = 091210C720FD228C004E8894 /* FilmTableVC.swift */; };
		09F3EE9520F802680029BF71 /* AppDelegate.swift in Sources */ = {isa = PBXBuildFile; fileRef = 09F3EE9420F802680029BF71 /* AppDelegate.swift */; };
		09F3EE9720F802680029BF71 /* PeopleViewController.swift in Sources */ = {isa = PBXBuildFile; fileRef = 09F3EE9620F802680029BF71 /* PeopleViewController.swift */; };
		09F3EE9A20F802680029BF71 /* Main.storyboard in Resources */ = {isa = PBXBuildFile; fileRef = 09F3EE9820F802680029BF71 /* Main.storyboard */; };
		09F3EE9D20F802680029BF71 /* eliDemoHTTP.xcdatamodeld in Sources */ = {isa = PBXBuildFile; fileRef = 09F3EE9B20F802680029BF71 /* eliDemoHTTP.xcdatamodeld */; };
		09F3EE9F20F802690029BF71 /* Assets.xcassets in Resources */ = {isa = PBXBuildFile; fileRef = 09F3EE9E20F802690029BF71 /* Assets.xcassets */; };
		09F3EEA220F802690029BF71 /* LaunchScreen.storyboard in Resources */ = {isa = PBXBuildFile; fileRef = 09F3EEA020F802690029BF71 /* LaunchScreen.storyboard */; };
		09F3EEAD20F8026A0029BF71 /* eliDemoHTTPTests.swift in Sources */ = {isa = PBXBuildFile; fileRef = 09F3EEAC20F8026A0029BF71 /* eliDemoHTTPTests.swift */; };
		09F3EEB820F8026A0029BF71 /* eliDemoHTTPUITests.swift in Sources */ = {isa = PBXBuildFile; fileRef = 09F3EEB720F8026A0029BF71 /* eliDemoHTTPUITests.swift */; };
/* End PBXBuildFile section */

/* Begin PBXContainerItemProxy section */
		09F3EEA920F802690029BF71 /* PBXContainerItemProxy */ = {
			isa = PBXContainerItemProxy;
			containerPortal = 09F3EE8920F802680029BF71 /* Project object */;
			proxyType = 1;
			remoteGlobalIDString = 09F3EE9020F802680029BF71;
			remoteInfo = eliDemoHTTP;
		};
		09F3EEB420F8026A0029BF71 /* PBXContainerItemProxy */ = {
			isa = PBXContainerItemProxy;
			containerPortal = 09F3EE8920F802680029BF71 /* Project object */;
			proxyType = 1;
			remoteGlobalIDString = 09F3EE9020F802680029BF71;
			remoteInfo = eliDemoHTTP;
		};
/* End PBXContainerItemProxy section */

/* Begin PBXFileReference section */
		091210C720FD228C004E8894 /* FilmTableVC.swift */ = {isa = PBXFileReference; lastKnownFileType = sourcecode.swift; path = FilmTableVC.swift; sourceTree = "<group>"; };
		09F3EE9120F802680029BF71 /* eliDemoHTTP.app */ = {isa = PBXFileReference; explicitFileType = wrapper.application; includeInIndex = 0; path = eliDemoHTTP.app; sourceTree = BUILT_PRODUCTS_DIR; };
		09F3EE9420F802680029BF71 /* AppDelegate.swift */ = {isa = PBXFileReference; lastKnownFileType = sourcecode.swift; path = AppDelegate.swift; sourceTree = "<group>"; };
		09F3EE9620F802680029BF71 /* PeopleViewController.swift */ = {isa = PBXFileReference; lastKnownFileType = sourcecode.swift; path = PeopleViewController.swift; sourceTree = "<group>"; };
		09F3EE9920F802680029BF71 /* Base */ = {isa = PBXFileReference; lastKnownFileType = file.storyboard; name = Base; path = Base.lproj/Main.storyboard; sourceTree = "<group>"; };
		09F3EE9C20F802680029BF71 /* eliDemoHTTP.xcdatamodel */ = {isa = PBXFileReference; lastKnownFileType = wrapper.xcdatamodel; path = eliDemoHTTP.xcdatamodel; sourceTree = "<group>"; };
		09F3EE9E20F802690029BF71 /* Assets.xcassets */ = {isa = PBXFileReference; lastKnownFileType = folder.assetcatalog; path = Assets.xcassets; sourceTree = "<group>"; };
		09F3EEA120F802690029BF71 /* Base */ = {isa = PBXFileReference; lastKnownFileType = file.storyboard; name = Base; path = Base.lproj/LaunchScreen.storyboard; sourceTree = "<group>"; };
		09F3EEA320F802690029BF71 /* Info.plist */ = {isa = PBXFileReference; lastKnownFileType = text.plist.xml; path = Info.plist; sourceTree = "<group>"; };
		09F3EEA820F802690029BF71 /* eliDemoHTTPTests.xctest */ = {isa = PBXFileReference; explicitFileType = wrapper.cfbundle; includeInIndex = 0; path = eliDemoHTTPTests.xctest; sourceTree = BUILT_PRODUCTS_DIR; };
		09F3EEAC20F8026A0029BF71 /* eliDemoHTTPTests.swift */ = {isa = PBXFileReference; lastKnownFileType = sourcecode.swift; path = eliDemoHTTPTests.swift; sourceTree = "<group>"; };
		09F3EEAE20F8026A0029BF71 /* Info.plist */ = {isa = PBXFileReference; lastKnownFileType = text.plist.xml; path = Info.plist; sourceTree = "<group>"; };
		09F3EEB320F8026A0029BF71 /* eliDemoHTTPUITests.xctest */ = {isa = PBXFileReference; explicitFileType = wrapper.cfbundle; includeInIndex = 0; path = eliDemoHTTPUITests.xctest; sourceTree = BUILT_PRODUCTS_DIR; };
		09F3EEB720F8026A0029BF71 /* eliDemoHTTPUITests.swift */ = {isa = PBXFileReference; lastKnownFileType = sourcecode.swift; path = eliDemoHTTPUITests.swift; sourceTree = "<group>"; };
		09F3EEB920F8026A0029BF71 /* Info.plist */ = {isa = PBXFileReference; lastKnownFileType = text.plist.xml; path = Info.plist; sourceTree = "<group>"; };
/* End PBXFileReference section */

/* Begin PBXFrameworksBuildPhase section */
		09F3EE8E20F802680029BF71 /* Frameworks */ = {
			isa = PBXFrameworksBuildPhase;
			buildActionMask = 2147483647;
			files = (
			);
			runOnlyForDeploymentPostprocessing = 0;
		};
		09F3EEA520F802690029BF71 /* Frameworks */ = {
			isa = PBXFrameworksBuildPhase;
			buildActionMask = 2147483647;
			files = (
			);
			runOnlyForDeploymentPostprocessing = 0;
		};
		09F3EEB020F8026A0029BF71 /* Frameworks */ = {
			isa = PBXFrameworksBuildPhase;
			buildActionMask = 2147483647;
			files = (
			);
			runOnlyForDeploymentPostprocessing = 0;
		};
/* End PBXFrameworksBuildPhase section */

/* Begin PBXGroup section */
		09F3EE8820F802680029BF71 = {
			isa = PBXGroup;
			children = (
				09F3EE9320F802680029BF71 /* eliDemoHTTP */,
				09F3EEAB20F8026A0029BF71 /* eliDemoHTTPTests */,
				09F3EEB620F8026A0029BF71 /* eliDemoHTTPUITests */,
				09F3EE9220F802680029BF71 /* Products */,
			);
			sourceTree = "<group>";
		};
		09F3EE9220F802680029BF71 /* Products */ = {
			isa = PBXGroup;
			children = (
				09F3EE9120F802680029BF71 /* eliDemoHTTP.app */,
				09F3EEA820F802690029BF71 /* eliDemoHTTPTests.xctest */,
				09F3EEB320F8026A0029BF71 /* eliDemoHTTPUITests.xctest */,
			);
			name = Products;
			sourceTree = "<group>";
		};
		09F3EE9320F802680029BF71 /* eliDemoHTTP */ = {
			isa = PBXGroup;
			children = (
				09F3EE9420F802680029BF71 /* AppDelegate.swift */,
				09F3EE9620F802680029BF71 /* PeopleViewController.swift */,
				091210C720FD228C004E8894 /* FilmTableVC.swift */,
				09F3EE9820F802680029BF71 /* Main.storyboard */,
				09F3EE9E20F802690029BF71 /* Assets.xcassets */,
				09F3EEA020F802690029BF71 /* LaunchScreen.storyboard */,
				09F3EEA320F802690029BF71 /* Info.plist */,
				09F3EE9B20F802680029BF71 /* eliDemoHTTP.xcdatamodeld */,
			);
			path = eliDemoHTTP;
			sourceTree = "<group>";
		};
		09F3EEAB20F8026A0029BF71 /* eliDemoHTTPTests */ = {
			isa = PBXGroup;
			children = (
				09F3EEAC20F8026A0029BF71 /* eliDemoHTTPTests.swift */,
				09F3EEAE20F8026A0029BF71 /* Info.plist */,
			);
			path = eliDemoHTTPTests;
			sourceTree = "<group>";
		};
		09F3EEB620F8026A0029BF71 /* eliDemoHTTPUITests */ = {
			isa = PBXGroup;
			children = (
				09F3EEB720F8026A0029BF71 /* eliDemoHTTPUITests.swift */,
				09F3EEB920F8026A0029BF71 /* Info.plist */,
			);
			path = eliDemoHTTPUITests;
			sourceTree = "<group>";
		};
/* End PBXGroup section */

/* Begin PBXNativeTarget section */
		09F3EE9020F802680029BF71 /* eliDemoHTTP */ = {
			isa = PBXNativeTarget;
			buildConfigurationList = 09F3EEBC20F8026A0029BF71 /* Build configuration list for PBXNativeTarget "eliDemoHTTP" */;
			buildPhases = (
				09F3EE8D20F802680029BF71 /* Sources */,
				09F3EE8E20F802680029BF71 /* Frameworks */,
				09F3EE8F20F802680029BF71 /* Resources */,
			);
			buildRules = (
			);
			dependencies = (
			);
			name = eliDemoHTTP;
			productName = eliDemoHTTP;
			productReference = 09F3EE9120F802680029BF71 /* eliDemoHTTP.app */;
			productType = "com.apple.product-type.application";
		};
		09F3EEA720F802690029BF71 /* eliDemoHTTPTests */ = {
			isa = PBXNativeTarget;
			buildConfigurationList = 09F3EEBF20F8026A0029BF71 /* Build configuration list for PBXNativeTarget "eliDemoHTTPTests" */;
			buildPhases = (
				09F3EEA420F802690029BF71 /* Sources */,
				09F3EEA520F802690029BF71 /* Frameworks */,
				09F3EEA620F802690029BF71 /* Resources */,
			);
			buildRules = (
			);
			dependencies = (
				09F3EEAA20F802690029BF71 /* PBXTargetDependency */,
			);
			name = eliDemoHTTPTests;
			productName = eliDemoHTTPTests;
			productReference = 09F3EEA820F802690029BF71 /* eliDemoHTTPTests.xctest */;
			productType = "com.apple.product-type.bundle.unit-test";
		};
		09F3EEB220F8026A0029BF71 /* eliDemoHTTPUITests */ = {
			isa = PBXNativeTarget;
			buildConfigurationList = 09F3EEC220F8026A0029BF71 /* Build configuration list for PBXNativeTarget "eliDemoHTTPUITests" */;
			buildPhases = (
				09F3EEAF20F8026A0029BF71 /* Sources */,
				09F3EEB020F8026A0029BF71 /* Frameworks */,
				09F3EEB120F8026A0029BF71 /* Resources */,
			);
			buildRules = (
			);
			dependencies = (
				09F3EEB520F8026A0029BF71 /* PBXTargetDependency */,
			);
			name = eliDemoHTTPUITests;
			productName = eliDemoHTTPUITests;
			productReference = 09F3EEB320F8026A0029BF71 /* eliDemoHTTPUITests.xctest */;
			productType = "com.apple.product-type.bundle.ui-testing";
		};
/* End PBXNativeTarget section */

/* Begin PBXProject section */
		09F3EE8920F802680029BF71 /* Project object */ = {
			isa = PBXProject;
			attributes = {
				LastSwiftUpdateCheck = 0940;
				LastUpgradeCheck = 0940;
				ORGANIZATIONNAME = "Jaewon Lee";
				TargetAttributes = {
					09F3EE9020F802680029BF71 = {
						CreatedOnToolsVersion = 9.4.1;
					};
					09F3EEA720F802690029BF71 = {
						CreatedOnToolsVersion = 9.4.1;
						TestTargetID = 09F3EE9020F802680029BF71;
					};
					09F3EEB220F8026A0029BF71 = {
						CreatedOnToolsVersion = 9.4.1;
						TestTargetID = 09F3EE9020F802680029BF71;
					};
				};
			};
			buildConfigurationList = 09F3EE8C20F802680029BF71 /* Build configuration list for PBXProject "eliDemoHTTP" */;
			compatibilityVersion = "Xcode 9.3";
			developmentRegion = en;
			hasScannedForEncodings = 0;
			knownRegions = (
				en,
				Base,
			);
			mainGroup = 09F3EE8820F802680029BF71;
			productRefGroup = 09F3EE9220F802680029BF71 /* Products */;
			projectDirPath = "";
			projectRoot = "";
			targets = (
				09F3EE9020F802680029BF71 /* eliDemoHTTP */,
				09F3EEA720F802690029BF71 /* eliDemoHTTPTests */,
				09F3EEB220F8026A0029BF71 /* eliDemoHTTPUITests */,
			);
		};
/* End PBXProject section */

/* Begin PBXResourcesBuildPhase section */
		09F3EE8F20F802680029BF71 /* Resources */ = {
			isa = PBXResourcesBuildPhase;
			buildActionMask = 2147483647;
			files = (
				09F3EEA220F802690029BF71 /* LaunchScreen.storyboard in Resources */,
				09F3EE9F20F802690029BF71 /* Assets.xcassets in Resources */,
				09F3EE9A20F802680029BF71 /* Main.storyboard in Resources */,
			);
			runOnlyForDeploymentPostprocessing = 0;
		};
		09F3EEA620F802690029BF71 /* Resources */ = {
			isa = PBXResourcesBuildPhase;
			buildActionMask = 2147483647;
			files = (
			);
			runOnlyForDeploymentPostprocessing = 0;
		};
		09F3EEB120F8026A0029BF71 /* Resources */ = {
			isa = PBXResourcesBuildPhase;
			buildActionMask = 2147483647;
			files = (
			);
			runOnlyForDeploymentPostprocessing = 0;
		};
/* End PBXResourcesBuildPhase section */

/* Begin PBXSourcesBuildPhase section */
		09F3EE8D20F802680029BF71 /* Sources */ = {
			isa = PBXSourcesBuildPhase;
			buildActionMask = 2147483647;
			files = (
				09F3EE9D20F802680029BF71 /* eliDemoHTTP.xcdatamodeld in Sources */,
				091210C820FD228C004E8894 /* FilmTableVC.swift in Sources */,
				09F3EE9720F802680029BF71 /* PeopleViewController.swift in Sources */,
				09F3EE9520F802680029BF71 /* AppDelegate.swift in Sources */,
			);
			runOnlyForDeploymentPostprocessing = 0;
		};
		09F3EEA420F802690029BF71 /* Sources */ = {
			isa = PBXSourcesBuildPhase;
			buildActionMask = 2147483647;
			files = (
				09F3EEAD20F8026A0029BF71 /* eliDemoHTTPTests.swift in Sources */,
			);
			runOnlyForDeploymentPostprocessing = 0;
		};
		09F3EEAF20F8026A0029BF71 /* Sources */ = {
			isa = PBXSourcesBuildPhase;
			buildActionMask = 2147483647;
			files = (
				09F3EEB820F8026A0029BF71 /* eliDemoHTTPUITests.swift in Sources */,
			);
			runOnlyForDeploymentPostprocessing = 0;
		};
/* End PBXSourcesBuildPhase section */

/* Begin PBXTargetDependency section */
		09F3EEAA20F802690029BF71 /* PBXTargetDependency */ = {
			isa = PBXTargetDependency;
			target = 09F3EE9020F802680029BF71 /* eliDemoHTTP */;
			targetProxy = 09F3EEA920F802690029BF71 /* PBXContainerItemProxy */;
		};
		09F3EEB520F8026A0029BF71 /* PBXTargetDependency */ = {
			isa = PBXTargetDependency;
			target = 09F3EE9020F802680029BF71 /* eliDemoHTTP */;
			targetProxy = 09F3EEB420F8026A0029BF71 /* PBXContainerItemProxy */;
		};
/* End PBXTargetDependency section */

/* Begin PBXVariantGroup section */
		09F3EE9820F802680029BF71 /* Main.storyboard */ = {
			isa = PBXVariantGroup;
			children = (
				09F3EE9920F802680029BF71 /* Base */,
			);
			name = Main.storyboard;
			sourceTree = "<group>";
		};
		09F3EEA020F802690029BF71 /* LaunchScreen.storyboard */ = {
			isa = PBXVariantGroup;
			children = (
				09F3EEA120F802690029BF71 /* Base */,
			);
			name = LaunchScreen.storyboard;
			sourceTree = "<group>";
		};
/* End PBXVariantGroup section */

/* Begin XCBuildConfiguration section */
		09F3EEBA20F8026A0029BF71 /* Debug */ = {
			isa = XCBuildConfiguration;
			buildSettings = {
				ALWAYS_SEARCH_USER_PATHS = NO;
				CLANG_ANALYZER_NONNULL = YES;
				CLANG_ANALYZER_NUMBER_OBJECT_CONVERSION = YES_AGGRESSIVE;
				CLANG_CXX_LANGUAGE_STANDARD = "gnu++14";
				CLANG_CXX_LIBRARY = "libc++";
				CLANG_ENABLE_MODULES = YES;
				CLANG_ENABLE_OBJC_ARC = YES;
				CLANG_ENABLE_OBJC_WEAK = YES;
				CLANG_WARN_BLOCK_CAPTURE_AUTORELEASING = YES;
				CLANG_WARN_BOOL_CONVERSION = YES;
				CLANG_WARN_COMMA = YES;
				CLANG_WARN_CONSTANT_CONVERSION = YES;
				CLANG_WARN_DEPRECATED_OBJC_IMPLEMENTATIONS = YES;
				CLANG_WARN_DIRECT_OBJC_ISA_USAGE = YES_ERROR;
				CLANG_WARN_DOCUMENTATION_COMMENTS = YES;
				CLANG_WARN_EMPTY_BODY = YES;
				CLANG_WARN_ENUM_CONVERSION = YES;
				CLANG_WARN_INFINITE_RECURSION = YES;
				CLANG_WARN_INT_CONVERSION = YES;
				CLANG_WARN_NON_LITERAL_NULL_CONVERSION = YES;
				CLANG_WARN_OBJC_IMPLICIT_RETAIN_SELF = YES;
				CLANG_WARN_OBJC_LITERAL_CONVERSION = YES;
				CLANG_WARN_OBJC_ROOT_CLASS = YES_ERROR;
				CLANG_WARN_RANGE_LOOP_ANALYSIS = YES;
				CLANG_WARN_STRICT_PROTOTYPES = YES;
				CLANG_WARN_SUSPICIOUS_MOVE = YES;
				CLANG_WARN_UNGUARDED_AVAILABILITY = YES_AGGRESSIVE;
				CLANG_WARN_UNREACHABLE_CODE = YES;
				CLANG_WARN__DUPLICATE_METHOD_MATCH = YES;
				CODE_SIGN_IDENTITY = "iPhone Developer";
				COPY_PHASE_STRIP = NO;
				DEBUG_INFORMATION_FORMAT = dwarf;
				ENABLE_STRICT_OBJC_MSGSEND = YES;
				ENABLE_TESTABILITY = YES;
				GCC_C_LANGUAGE_STANDARD = gnu11;
				GCC_DYNAMIC_NO_PIC = NO;
				GCC_NO_COMMON_BLOCKS = YES;
				GCC_OPTIMIZATION_LEVEL = 0;
				GCC_PREPROCESSOR_DEFINITIONS = (
					"DEBUG=1",
					"$(inherited)",
				);
				GCC_WARN_64_TO_32_BIT_CONVERSION = YES;
				GCC_WARN_ABOUT_RETURN_TYPE = YES_ERROR;
				GCC_WARN_UNDECLARED_SELECTOR = YES;
				GCC_WARN_UNINITIALIZED_AUTOS = YES_AGGRESSIVE;
				GCC_WARN_UNUSED_FUNCTION = YES;
				GCC_WARN_UNUSED_VARIABLE = YES;
				IPHONEOS_DEPLOYMENT_TARGET = 11.4;
				MTL_ENABLE_DEBUG_INFO = YES;
				ONLY_ACTIVE_ARCH = YES;
				SDKROOT = iphoneos;
				SWIFT_ACTIVE_COMPILATION_CONDITIONS = DEBUG;
				SWIFT_OPTIMIZATION_LEVEL = "-Onone";
			};
			name = Debug;
		};
		09F3EEBB20F8026A0029BF71 /* Release */ = {
			isa = XCBuildConfiguration;
			buildSettings = {
				ALWAYS_SEARCH_USER_PATHS = NO;
				CLANG_ANALYZER_NONNULL = YES;
				CLANG_ANALYZER_NUMBER_OBJECT_CONVERSION = YES_AGGRESSIVE;
				CLANG_CXX_LANGUAGE_STANDARD = "gnu++14";
				CLANG_CXX_LIBRARY = "libc++";
				CLANG_ENABLE_MODULES = YES;
				CLANG_ENABLE_OBJC_ARC = YES;
				CLANG_ENABLE_OBJC_WEAK = YES;
				CLANG_WARN_BLOCK_CAPTURE_AUTORELEASING = YES;
				CLANG_WARN_BOOL_CONVERSION = YES;
				CLANG_WARN_COMMA = YES;
				CLANG_WARN_CONSTANT_CONVERSION = YES;
				CLANG_WARN_DEPRECATED_OBJC_IMPLEMENTATIONS = YES;
				CLANG_WARN_DIRECT_OBJC_ISA_USAGE = YES_ERROR;
				CLANG_WARN_DOCUMENTATION_COMMENTS = YES;
				CLANG_WARN_EMPTY_BODY = YES;
				CLANG_WARN_ENUM_CONVERSION = YES;
				CLANG_WARN_INFINITE_RECURSION = YES;
				CLANG_WARN_INT_CONVERSION = YES;
				CLANG_WARN_NON_LITERAL_NULL_CONVERSION = YES;
				CLANG_WARN_OBJC_IMPLICIT_RETAIN_SELF = YES;
				CLANG_WARN_OBJC_LITERAL_CONVERSION = YES;
				CLANG_WARN_OBJC_ROOT_CLASS = YES_ERROR;
				CLANG_WARN_RANGE_LOOP_ANALYSIS = YES;
				CLANG_WARN_STRICT_PROTOTYPES = YES;
				CLANG_WARN_SUSPICIOUS_MOVE = YES;
				CLANG_WARN_UNGUARDED_AVAILABILITY = YES_AGGRESSIVE;
				CLANG_WARN_UNREACHABLE_CODE = YES;
				CLANG_WARN__DUPLICATE_METHOD_MATCH = YES;
				CODE_SIGN_IDENTITY = "iPhone Developer";
				COPY_PHASE_STRIP = NO;
				DEBUG_INFORMATION_FORMAT = "dwarf-with-dsym";
				ENABLE_NS_ASSERTIONS = NO;
				ENABLE_STRICT_OBJC_MSGSEND = YES;
				GCC_C_LANGUAGE_STANDARD = gnu11;
				GCC_NO_COMMON_BLOCKS = YES;
				GCC_WARN_64_TO_32_BIT_CONVERSION = YES;
				GCC_WARN_ABOUT_RETURN_TYPE = YES_ERROR;
				GCC_WARN_UNDECLARED_SELECTOR = YES;
				GCC_WARN_UNINITIALIZED_AUTOS = YES_AGGRESSIVE;
				GCC_WARN_UNUSED_FUNCTION = YES;
				GCC_WARN_UNUSED_VARIABLE = YES;
				IPHONEOS_DEPLOYMENT_TARGET = 11.4;
				MTL_ENABLE_DEBUG_INFO = NO;
				SDKROOT = iphoneos;
				SWIFT_COMPILATION_MODE = wholemodule;
				SWIFT_OPTIMIZATION_LEVEL = "-O";
				VALIDATE_PRODUCT = YES;
			};
			name = Release;
		};
		09F3EEBD20F8026A0029BF71 /* Debug */ = {
			isa = XCBuildConfiguration;
			buildSettings = {
				ASSETCATALOG_COMPILER_APPICON_NAME = AppIcon;
				CODE_SIGN_STYLE = Automatic;
				DEVELOPMENT_TEAM = G2972WV9H7;
				INFOPLIST_FILE = eliDemoHTTP/Info.plist;
				LD_RUNPATH_SEARCH_PATHS = (
					"$(inherited)",
					"@executable_path/Frameworks",
				);
				PRODUCT_BUNDLE_IDENTIFIER = "Jaewon-Lee.eliDemoHTTP";
				PRODUCT_NAME = "$(TARGET_NAME)";
				SWIFT_VERSION = 4.0;
				TARGETED_DEVICE_FAMILY = "1,2";
			};
			name = Debug;
		};
		09F3EEBE20F8026A0029BF71 /* Release */ = {
			isa = XCBuildConfiguration;
			buildSettings = {
				ASSETCATALOG_COMPILER_APPICON_NAME = AppIcon;
				CODE_SIGN_STYLE = Automatic;
				DEVELOPMENT_TEAM = G2972WV9H7;
				INFOPLIST_FILE = eliDemoHTTP/Info.plist;
				LD_RUNPATH_SEARCH_PATHS = (
					"$(inherited)",
					"@executable_path/Frameworks",
				);
				PRODUCT_BUNDLE_IDENTIFIER = "Jaewon-Lee.eliDemoHTTP";
				PRODUCT_NAME = "$(TARGET_NAME)";
				SWIFT_VERSION = 4.0;
				TARGETED_DEVICE_FAMILY = "1,2";
			};
			name = Release;
		};
		09F3EEC020F8026A0029BF71 /* Debug */ = {
			isa = XCBuildConfiguration;
			buildSettings = {
				ALWAYS_EMBED_SWIFT_STANDARD_LIBRARIES = YES;
				BUNDLE_LOADER = "$(TEST_HOST)";
				CODE_SIGN_STYLE = Automatic;
				DEVELOPMENT_TEAM = G2972WV9H7;
				INFOPLIST_FILE = eliDemoHTTPTests/Info.plist;
				LD_RUNPATH_SEARCH_PATHS = (
					"$(inherited)",
					"@executable_path/Frameworks",
					"@loader_path/Frameworks",
				);
				PRODUCT_BUNDLE_IDENTIFIER = "Jaewon-Lee.eliDemoHTTPTests";
				PRODUCT_NAME = "$(TARGET_NAME)";
				SWIFT_VERSION = 4.0;
				TARGETED_DEVICE_FAMILY = "1,2";
				TEST_HOST = "$(BUILT_PRODUCTS_DIR)/eliDemoHTTP.app/eliDemoHTTP";
			};
			name = Debug;
		};
		09F3EEC120F8026A0029BF71 /* Release */ = {
			isa = XCBuildConfiguration;
			buildSettings = {
				ALWAYS_EMBED_SWIFT_STANDARD_LIBRARIES = YES;
				BUNDLE_LOADER = "$(TEST_HOST)";
				CODE_SIGN_STYLE = Automatic;
				DEVELOPMENT_TEAM = G2972WV9H7;
				INFOPLIST_FILE = eliDemoHTTPTests/Info.plist;
				LD_RUNPATH_SEARCH_PATHS = (
					"$(inherited)",
					"@executable_path/Frameworks",
					"@loader_path/Frameworks",
				);
				PRODUCT_BUNDLE_IDENTIFIER = "Jaewon-Lee.eliDemoHTTPTests";
				PRODUCT_NAME = "$(TARGET_NAME)";
				SWIFT_VERSION = 4.0;
				TARGETED_DEVICE_FAMILY = "1,2";
				TEST_HOST = "$(BUILT_PRODUCTS_DIR)/eliDemoHTTP.app/eliDemoHTTP";
			};
			name = Release;
		};
		09F3EEC320F8026A0029BF71 /* Debug */ = {
			isa = XCBuildConfiguration;
			buildSettings = {
				ALWAYS_EMBED_SWIFT_STANDARD_LIBRARIES = YES;
				CODE_SIGN_STYLE = Automatic;
				DEVELOPMENT_TEAM = G2972WV9H7;
				INFOPLIST_FILE = eliDemoHTTPUITests/Info.plist;
				LD_RUNPATH_SEARCH_PATHS = (
					"$(inherited)",
					"@executable_path/Frameworks",
					"@loader_path/Frameworks",
				);
				PRODUCT_BUNDLE_IDENTIFIER = "Jaewon-Lee.eliDemoHTTPUITests";
				PRODUCT_NAME = "$(TARGET_NAME)";
				SWIFT_VERSION = 4.0;
				TARGETED_DEVICE_FAMILY = "1,2";
				TEST_TARGET_NAME = eliDemoHTTP;
			};
			name = Debug;
		};
		09F3EEC420F8026A0029BF71 /* Release */ = {
			isa = XCBuildConfiguration;
			buildSettings = {
				ALWAYS_EMBED_SWIFT_STANDARD_LIBRARIES = YES;
				CODE_SIGN_STYLE = Automatic;
				DEVELOPMENT_TEAM = G2972WV9H7;
				INFOPLIST_FILE = eliDemoHTTPUITests/Info.plist;
				LD_RUNPATH_SEARCH_PATHS = (
					"$(inherited)",
					"@executable_path/Frameworks",
					"@loader_path/Frameworks",
				);
				PRODUCT_BUNDLE_IDENTIFIER = "Jaewon-Lee.eliDemoHTTPUITests";
				PRODUCT_NAME = "$(TARGET_NAME)";
				SWIFT_VERSION = 4.0;
				TARGETED_DEVICE_FAMILY = "1,2";
				TEST_TARGET_NAME = eliDemoHTTP;
			};
			name = Release;
		};
/* End XCBuildConfiguration section */

/* Begin XCConfigurationList section */
		09F3EE8C20F802680029BF71 /* Build configuration list for PBXProject "eliDemoHTTP" */ = {
			isa = XCConfigurationList;
			buildConfigurations = (
				09F3EEBA20F8026A0029BF71 /* Debug */,
				09F3EEBB20F8026A0029BF71 /* Release */,
			);
			defaultConfigurationIsVisible = 0;
			defaultConfigurationName = Release;
		};
		09F3EEBC20F8026A0029BF71 /* Build configuration list for PBXNativeTarget "eliDemoHTTP" */ = {
			isa = XCConfigurationList;
			buildConfigurations = (
				09F3EEBD20F8026A0029BF71 /* Debug */,
				09F3EEBE20F8026A0029BF71 /* Release */,
			);
			defaultConfigurationIsVisible = 0;
			defaultConfigurationName = Release;
		};
		09F3EEBF20F8026A0029BF71 /* Build configuration list for PBXNativeTarget "eliDemoHTTPTests" */ = {
			isa = XCConfigurationList;
			buildConfigurations = (
				09F3EEC020F8026A0029BF71 /* Debug */,
				09F3EEC120F8026A0029BF71 /* Release */,
			);
			defaultConfigurationIsVisible = 0;
			defaultConfigurationName = Release;
		};
		09F3EEC220F8026A0029BF71 /* Build configuration list for PBXNativeTarget "eliDemoHTTPUITests" */ = {
			isa = XCConfigurationList;
			buildConfigurations = (
				09F3EEC320F8026A0029BF71 /* Debug */,
				09F3EEC420F8026A0029BF71 /* Release */,
			);
			defaultConfigurationIsVisible = 0;
			defaultConfigurationName = Release;
		};
/* End XCConfigurationList section */

/* Begin XCVersionGroup section */
		09F3EE9B20F802680029BF71 /* eliDemoHTTP.xcdatamodeld */ = {
			isa = XCVersionGroup;
			children = (
				09F3EE9C20F802680029BF71 /* eliDemoHTTP.xcdatamodel */,
			);
			currentVersion = 09F3EE9C20F802680029BF71 /* eliDemoHTTP.xcdatamodel */;
			path = eliDemoHTTP.xcdatamodeld;
			sourceTree = "<group>";
			versionGroupType = wrapper.xcdatamodel;
		};
/* End XCVersionGroup section */
	};
	rootObject = 09F3EE8920F802680029BF71 /* Project object */;
}
